
Microsoft Visual Studio Solution File, Format Version 12.00
# Visual Studio 15
VisualStudioVersion = 15.0.27428.2015
MinimumVisualStudioVersion = 10.0.40219.1
Project("{9A19103F-16F7-4668-BE54-9A1E7A4F7556}") = "CfSharp", "src\CfSharp\CfSharp.csproj", "{C2A40CD5-2CBC-496B-B8DC-EBDE074AD099}"
EndProject
Project("{9A19103F-16F7-4668-BE54-9A1E7A4F7556}") = "CfSharp.Runner", "src\CfSharp.Runner\CfSharp.Runner.csproj", "{E706FDC0-DE95-488C-8D50-66EE7DC207C1}"
EndProject
Project("{FAE04EC0-301F-11D3-BF4B-00C04F79EFBC}") = "CfSharp.Tests", "src\CfSharp.Tests\CfSharp.Tests.csproj", "{3FCD4440-2E12-4DF8-98B9-86EADDE8DF5B}"
EndProject
Global
	GlobalSection(SolutionConfigurationPlatforms) = preSolution
		Debug|Any CPU = Debug|Any CPU
		Release|Any CPU = Release|Any CPU
	EndGlobalSection
	GlobalSection(ProjectConfigurationPlatforms) = postSolution
		{C2A40CD5-2CBC-496B-B8DC-EBDE074AD099}.Debug|Any CPU.ActiveCfg = Debug|Any CPU
		{C2A40CD5-2CBC-496B-B8DC-EBDE074AD099}.Debug|Any CPU.Build.0 = Debug|Any CPU
		{C2A40CD5-2CBC-496B-B8DC-EBDE074AD099}.Release|Any CPU.ActiveCfg = Release|Any CPU
		{C2A40CD5-2CBC-496B-B8DC-EBDE074AD099}.Release|Any CPU.Build.0 = Release|Any CPU
		{E706FDC0-DE95-488C-8D50-66EE7DC207C1}.Debug|Any CPU.ActiveCfg = Debug|Any CPU
		{E706FDC0-DE95-488C-8D50-66EE7DC207C1}.Debug|Any CPU.Build.0 = Debug|Any CPU
		{E706FDC0-DE95-488C-8D50-66EE7DC207C1}.Release|Any CPU.ActiveCfg = Release|Any CPU
		{E706FDC0-DE95-488C-8D50-66EE7DC207C1}.Release|Any CPU.Build.0 = Release|Any CPU
		{3FCD4440-2E12-4DF8-98B9-86EADDE8DF5B}.Debug|Any CPU.ActiveCfg = Debug|Any CPU
		{3FCD4440-2E12-4DF8-98B9-86EADDE8DF5B}.Debug|Any CPU.Build.0 = Debug|Any CPU
		{3FCD4440-2E12-4DF8-98B9-86EADDE8DF5B}.Release|Any CPU.ActiveCfg = Release|Any CPU
		{3FCD4440-2E12-4DF8-98B9-86EADDE8DF5B}.Release|Any CPU.Build.0 = Release|Any CPU
	EndGlobalSection
	GlobalSection(SolutionProperties) = preSolution
		HideSolutionNode = FALSE
	EndGlobalSection
	GlobalSection(ExtensibilityGlobals) = postSolution
		SolutionGuid = {799BDEBF-1C1B-472F-ACA9-1117D2AB5B84}
	EndGlobalSection
EndGlobal
